
Microsoft Visual Studio Solution File, Format Version 12.00
# Visual Studio Version 16
VisualStudioVersion = 16.0.31424.327
MinimumVisualStudioVersion = 10.0.40219.1
Project("{9A19103F-16F7-4668-BE54-9A1E7A4F7556}") = "RayTracer", "RayTracer.csproj", "{41B3B27B-5364-494D-97F1-19FCE22A310B}"
EndProject
Project("{2150E333-8FDC-42A3-9474-1A3956D46DE8}") = "Solution Items", "Solution Items", "{ED29C173-2660-4971-BEC8-ED858981508A}"
	ProjectSection(SolutionItems) = preProject
		.editorconfig = .editorconfig
	EndProjectSection
EndProject
Global
	GlobalSection(SolutionConfigurationPlatforms) = preSolution
		Debug|Any CPU = Debug|Any CPU
		Release|Any CPU = Release|Any CPU
	EndGlobalSection
	GlobalSection(ProjectConfigurationPlatforms) = postSolution
		{41B3B27B-5364-494D-97F1-19FCE22A310B}.Debug|Any CPU.ActiveCfg = Debug|Any CPU
		{41B3B27B-5364-494D-97F1-19FCE22A310B}.Debug|Any CPU.Build.0 = Debug|Any CPU
		{41B3B27B-5364-494D-97F1-19FCE22A310B}.Release|Any CPU.ActiveCfg = Release|Any CPU
		{41B3B27B-5364-494D-97F1-19FCE22A310B}.Release|Any CPU.Build.0 = Release|Any CPU
	EndGlobalSection
	GlobalSection(SolutionProperties) = preSolution
		HideSolutionNode = FALSE
	EndGlobalSection
	GlobalSection(ExtensibilityGlobals) = postSolution
		SolutionGuid = {BBF0B26E-F3E1-4A02-959A-BF1DF98277FB}
	EndGlobalSection
	GlobalSection(MonoDevelopProperties) = preSolution
		Policies = $0
		$0.VersionControlPolicy = $1
	EndGlobalSection
EndGlobal
